
Microsoft Visual Studio Solution File, Format Version 12.00
Project("{FAE04EC0-301F-11D3-BF4B-00C04F79EFBC}") = "IncomeTaxCalculator.Presentation.Api", "IncomeTaxCalculator.Presentation.Api\IncomeTaxCalculator.Presentation.Api.csproj", "{8E0BF98F-15B1-45BD-A152-97BF12DC2921}"
EndProject
Project("{2150E333-8FDC-42A3-9474-1A3956D46DE8}") = "src", "src", "{02F5B5D3-9AAF-4DED-AA23-E11071C96453}"
EndProject
Project("{2150E333-8FDC-42A3-9474-1A3956D46DE8}") = "tests", "tests", "{E4F3552D-E99D-4152-8DC0-780E7E1821EF}"
EndProject
Project("{FAE04EC0-301F-11D3-BF4B-00C04F79EFBC}") = "IncomeTaxCalculator.Infrastructure", "IncomeTaxCalculator.Infrastructure\IncomeTaxCalculator.Infrastructure.csproj", "{D746ADE9-E663-4A60-9DC4-3DE41F02ED18}"
EndProject
Project("{FAE04EC0-301F-11D3-BF4B-00C04F79EFBC}") = "IncomeTaxCalculator.Application", "IncomeTaxCalculator.Application\IncomeTaxCalculator.Application.csproj", "{D72D5D0F-FFD0-414F-ACF1-B5B2AE600E13}"
EndProject
Project("{FAE04EC0-301F-11D3-BF4B-00C04F79EFBC}") = "IncomeTaxCalculator.Domain", "IncomeTaxCalculator.Domain\IncomeTaxCalculator.Domain.csproj", "{7F1BC0A7-61D1-48C8-BBCF-7BA07B763939}"
EndProject
Global
	GlobalSection(SolutionConfigurationPlatforms) = preSolution
		Debug|Any CPU = Debug|Any CPU
		Release|Any CPU = Release|Any CPU
	EndGlobalSection
	GlobalSection(ProjectConfigurationPlatforms) = postSolution
		{8E0BF98F-15B1-45BD-A152-97BF12DC2921}.Debug|Any CPU.ActiveCfg = Debug|Any CPU
		{8E0BF98F-15B1-45BD-A152-97BF12DC2921}.Debug|Any CPU.Build.0 = Debug|Any CPU
		{8E0BF98F-15B1-45BD-A152-97BF12DC2921}.Release|Any CPU.ActiveCfg = Release|Any CPU
		{8E0BF98F-15B1-45BD-A152-97BF12DC2921}.Release|Any CPU.Build.0 = Release|Any CPU
		{D746ADE9-E663-4A60-9DC4-3DE41F02ED18}.Debug|Any CPU.ActiveCfg = Debug|Any CPU
		{D746ADE9-E663-4A60-9DC4-3DE41F02ED18}.Debug|Any CPU.Build.0 = Debug|Any CPU
		{D746ADE9-E663-4A60-9DC4-3DE41F02ED18}.Release|Any CPU.ActiveCfg = Release|Any CPU
		{D746ADE9-E663-4A60-9DC4-3DE41F02ED18}.Release|Any CPU.Build.0 = Release|Any CPU
		{D72D5D0F-FFD0-414F-ACF1-B5B2AE600E13}.Debug|Any CPU.ActiveCfg = Debug|Any CPU
		{D72D5D0F-FFD0-414F-ACF1-B5B2AE600E13}.Debug|Any CPU.Build.0 = Debug|Any CPU
		{D72D5D0F-FFD0-414F-ACF1-B5B2AE600E13}.Release|Any CPU.ActiveCfg = Release|Any CPU
		{D72D5D0F-FFD0-414F-ACF1-B5B2AE600E13}.Release|Any CPU.Build.0 = Release|Any CPU
		{7F1BC0A7-61D1-48C8-BBCF-7BA07B763939}.Debug|Any CPU.ActiveCfg = Debug|Any CPU
		{7F1BC0A7-61D1-48C8-BBCF-7BA07B763939}.Debug|Any CPU.Build.0 = Debug|Any CPU
		{7F1BC0A7-61D1-48C8-BBCF-7BA07B763939}.Release|Any CPU.ActiveCfg = Release|Any CPU
		{7F1BC0A7-61D1-48C8-BBCF-7BA07B763939}.Release|Any CPU.Build.0 = Release|Any CPU
	EndGlobalSection
	GlobalSection(NestedProjects) = preSolution
		{8E0BF98F-15B1-45BD-A152-97BF12DC2921} = {02F5B5D3-9AAF-4DED-AA23-E11071C96453}
		{D746ADE9-E663-4A60-9DC4-3DE41F02ED18} = {02F5B5D3-9AAF-4DED-AA23-E11071C96453}
		{D72D5D0F-FFD0-414F-ACF1-B5B2AE600E13} = {02F5B5D3-9AAF-4DED-AA23-E11071C96453}
		{7F1BC0A7-61D1-48C8-BBCF-7BA07B763939} = {02F5B5D3-9AAF-4DED-AA23-E11071C96453}
	EndGlobalSection
EndGlobal
